<?xml version="1.0" encoding="utf-8"?>
<Project ToolsVersion="4.0" xmlns="http://schemas.microsoft.com/developer/msbuild/2003">
  <ItemGroup>
    <Filter Include="Source Files">
      <UniqueIdentifier>{4FC737F1-C7A5-4376-A066-2A32D752A2FF}</UniqueIdentifier>
      <Extensions>cpp;c;cc;cxx;def;odl;idl;hpj;bat;asm;asmx</Extensions>
    </Filter>
    <Filter Include="Header Files">
      <UniqueIdentifier>{93995380-89BD-4b04-88EB-625FBE52EBFB}</UniqueIdentifier>
      <Extensions>h;hpp;hxx;hm;inl;inc;xsd</Extensions>
    </Filter>
    <Filter Include="Resource Files">
      <UniqueIdentifier>{67DA6AB6-F800-4c08-8B7A-83BB121AAD01}</UniqueIdentifier>
      <Extensions>rc;ico;cur;bmp;dlg;rc2;rct;bin;rgs;gif;jpg;jpeg;jpe;resx;tiff;tif;png;wav;mfcribbon-ms</Extensions>
    </Filter>
    <Filter Include="Header Files\Animation">
      <UniqueIdentifier>{857a6f7f-4caa-46cf-8221-5f8032b0b22f}</UniqueIdentifier>
    </Filter>
    <Filter Include="Header Files\Controller">
      <UniqueIdentifier>{5fba5639-efe6-4644-89ad-73159fc3dc30}</UniqueIdentifier>
    </Filter>
    <Filter Include="Header Files\Camera">
      <UniqueIdentifier>{4b92aaa5-bcda-4271-8169-3cfc57edd370}</UniqueIdentifier>
    </Filter>
    <Filter Include="Header Files\Shaders">
      <UniqueIdentifier>{43e2797f-78cd-4436-b1bb-34ca46f60b84}</UniqueIdentifier>
    </Filter>
    <Filter Include="Header Files\Rendering">
      <UniqueIdentifier>{e8009291-fff8-4583-b782-49ff4d9934df}</UniqueIdentifier>
    </Filter>
    <Filter Include="Header Files\Debugging">
      <UniqueIdentifier>{43d77705-c69e-44b1-8cd3-ed6cf4987978}</UniqueIdentifier>
    </Filter>
    <Filter Include="Header Files\Animation\InverseKinematic">
      <UniqueIdentifier>{db4c8db7-60c0-4618-8fdc-173e90c3eebd}</UniqueIdentifier>
    </Filter>
    <Filter Include="Header Files\Animation\KeyFrame">
      <UniqueIdentifier>{3b997106-1f84-4f70-a5d0-6517a50bebde}</UniqueIdentifier>
    </Filter>
    <Filter Include="Header Files\Animation\Skeleton">
      <UniqueIdentifier>{f86179ba-f3db-4633-a871-5e958b1e07fe}</UniqueIdentifier>
    </Filter>
    <Filter Include="Header Files\Player">
      <UniqueIdentifier>{81a9a69f-2218-4da7-aeb3-db232ecb8f36}</UniqueIdentifier>
    </Filter>
    <Filter Include="Header Files\User Control">
      <UniqueIdentifier>{329f97fc-4698-4b70-96e5-a5aae98101e1}</UniqueIdentifier>
    </Filter>
    <Filter Include="Header Files\Player\States">
      <UniqueIdentifier>{4ed1f97c-a970-4528-a7c5-96383661dc4e}</UniqueIdentifier>
    </Filter>
    <Filter Include="Header Files\Helper">
      <UniqueIdentifier>{12538098-441a-4e3f-bea3-b6f17840c358}</UniqueIdentifier>
    </Filter>
  </ItemGroup>
  <ItemGroup>
    <ClCompile Include="RealTimeAnimation.cpp">
      <Filter>Source Files</Filter>
    </ClCompile>
  </ItemGroup>
  <ItemGroup>
    <ClInclude Include="common.h">
      <Filter>Header Files</Filter>
    </ClInclude>
    <ClInclude Include="Callbacks.h">
      <Filter>Header Files\User Control</Filter>
    </ClInclude>
    <ClInclude Include="Keys.h">
      <Filter>Header Files\User Control</Filter>
    </ClInclude>
    <ClInclude Include="Spline.h">
      <Filter>Header Files\Animation</Filter>
    </ClInclude>
    <ClInclude Include="Camera.h">
      <Filter>Header Files\Camera</Filter>
    </ClInclude>
    <ClInclude Include="Shader.h">
      <Filter>Header Files\Shaders</Filter>
    </ClInclude>
    <ClInclude Include="Line.h">
      <Filter>Header Files\Rendering</Filter>
    </ClInclude>
    <ClInclude Include="Mesh.h">
      <Filter>Header Files\Rendering</Filter>
    </ClInclude>
    <ClInclude Include="Point.h">
      <Filter>Header Files\Rendering</Filter>
    </ClInclude>
    <ClInclude Include="Texture.h">
      <Filter>Header Files\Rendering</Filter>
    </ClInclude>
    <ClInclude Include="Vertex.h">
      <Filter>Header Files\Rendering</Filter>
    </ClInclude>
    <ClInclude Include="VertexWeight.h">
      <Filter>Header Files\Rendering</Filter>
    </ClInclude>
    <ClInclude Include="ScreenOutput.h">
      <Filter>Header Files\Debugging</Filter>
    </ClInclude>
    <ClInclude Include="IKInfo.h">
      <Filter>Header Files\Animation\InverseKinematic</Filter>
    </ClInclude>
    <ClInclude Include="Bone.h">
      <Filter>Header Files\Animation\Skeleton</Filter>
    </ClInclude>
    <ClInclude Include="Skeleton.h">
      <Filter>Header Files\Animation\Skeleton</Filter>
    </ClInclude>
    <ClInclude Include="IKAnimator.h">
      <Filter>Header Files\Animation\InverseKinematic</Filter>
    </ClInclude>
    <ClInclude Include="AngleRestriction.h">
      <Filter>Header Files\Animation\InverseKinematic</Filter>
    </ClInclude>
    <ClInclude Include="KeyFrameAnimator.h">
      <Filter>Header Files\Animation\KeyFrame</Filter>
    </ClInclude>
    <ClInclude Include="AnimationClip.h">
      <Filter>Header Files\Animation</Filter>
    </ClInclude>
    <ClInclude Include="AnimationPose.h">
      <Filter>Header Files\Animation</Filter>
    </ClInclude>
    <ClInclude Include="KeyFrame.h">
      <Filter>Header Files\Animation</Filter>
    </ClInclude>
    <ClInclude Include="Blender.h">
      <Filter>Header Files\Animation</Filter>
    </ClInclude>
    <ClInclude Include="AnimationEventController.h">
      <Filter>Header Files\Animation</Filter>
    </ClInclude>
    <ClInclude Include="Player.h">
      <Filter>Header Files\Player</Filter>
    </ClInclude>
    <ClInclude Include="PlayerState.h">
      <Filter>Header Files\Player</Filter>
    </ClInclude>
    <ClInclude Include="Enemy.h">
      <Filter>Header Files\Player</Filter>
    </ClInclude>
    <ClInclude Include="AnimationManager.h">
      <Filter>Header Files\Animation</Filter>
    </ClInclude>
    <ClInclude Include="Model.h">
      <Filter>Header Files\Rendering</Filter>
    </ClInclude>
    <ClInclude Include="Helper.h">
      <Filter>Header Files\Helper</Filter>
    </ClInclude>
    <ClInclude Include="Idle.h">
      <Filter>Header Files\Player\States</Filter>
    </ClInclude>
    <ClInclude Include="Run.h">
      <Filter>Header Files\Player\States</Filter>
    </ClInclude>
    <ClInclude Include="WalkLeft.h">
      <Filter>Header Files\Player\States</Filter>
    </ClInclude>
    <ClInclude Include="WalkRight.h">
      <Filter>Header Files\Player\States</Filter>
    </ClInclude>
    <ClInclude Include="SwingSword.h">
      <Filter>Header Files\Player\States</Filter>
    </ClInclude>
    <ClInclude Include="WalkForward.h">
      <Filter>Header Files\Player\States</Filter>
    </ClInclude>
    <ClInclude Include="WalkForwardLeft.h">
      <Filter>Header Files\Player\States</Filter>
    </ClInclude>
    <ClInclude Include="SwordIdle.h">
      <Filter>Header Files\Player\States</Filter>
    </ClInclude>
    <ClInclude Include="SwordBlock.h">
      <Filter>Header Files\Player\States</Filter>
    </ClInclude>
    <ClInclude Include="AnimationController.h">
      <Filter>Header Files\Controller</Filter>
    </ClInclude>
  </ItemGroup>
  <ItemGroup>
    <None Include="fragment.frag">
      <Filter>Header Files\Shaders</Filter>
    </None>
    <None Include="fragment_bone.frag">
      <Filter>Header Files\Shaders</Filter>
    </None>
    <None Include="vertex.vert">
      <Filter>Header Files\Shaders</Filter>
    </None>
    <None Include="vertex_bone.vert">
      <Filter>Header Files\Shaders</Filter>
    </None>
    <None Include="fragment_notexture.frag">
      <Filter>Header Files\Shaders</Filter>
    </None>
  </ItemGroup>
</Project>