<?xml version="1.0" encoding="utf-8"?>
<Project ToolsVersion="4.0" xmlns="http://schemas.microsoft.com/developer/msbuild/2003">
  <ItemGroup>
    <Filter Include="Source Files">
      <UniqueIdentifier>{4FC737F1-C7A5-4376-A066-2A32D752A2FF}</UniqueIdentifier>
      <Extensions>cpp;c;cc;cxx;def;odl;idl;hpj;bat;asm;asmx</Extensions>
    </Filter>
    <Filter Include="Header Files">
      <UniqueIdentifier>{93995380-89BD-4b04-88EB-625FBE52EBFB}</UniqueIdentifier>
      <Extensions>h;hpp;hxx;hm;inl;inc;xsd</Extensions>
    </Filter>
    <Filter Include="Resource Files">
      <UniqueIdentifier>{67DA6AB6-F800-4c08-8B7A-83BB121AAD01}</UniqueIdentifier>
      <Extensions>rc;ico;cur;bmp;dlg;rc2;rct;bin;rgs;gif;jpg;jpeg;jpe;resx;tiff;tif;png;wav;mfcribbon-ms</Extensions>
    </Filter>
    <Filter Include="Header Files\Animation">
      <UniqueIdentifier>{857a6f7f-4caa-46cf-8221-5f8032b0b22f}</UniqueIdentifier>
    </Filter>
    <Filter Include="Header Files\Controller">
      <UniqueIdentifier>{5fba5639-efe6-4644-89ad-73159fc3dc30}</UniqueIdentifier>
    </Filter>
    <Filter Include="Header Files\Camera">
      <UniqueIdentifier>{4b92aaa5-bcda-4271-8169-3cfc57edd370}</UniqueIdentifier>
    </Filter>
    <Filter Include="Header Files\Shaders">
      <UniqueIdentifier>{43e2797f-78cd-4436-b1bb-34ca46f60b84}</UniqueIdentifier>
    </Filter>
    <Filter Include="Header Files\Rendering">
      <UniqueIdentifier>{e8009291-fff8-4583-b782-49ff4d9934df}</UniqueIdentifier>
    </Filter>
    <Filter Include="Header Files\Debugging">
      <UniqueIdentifier>{43d77705-c69e-44b1-8cd3-ed6cf4987978}</UniqueIdentifier>
    </Filter>
    <Filter Include="Header Files\Animation\InverseKinematic">
      <UniqueIdentifier>{db4c8db7-60c0-4618-8fdc-173e90c3eebd}</UniqueIdentifier>
    </Filter>
    <Filter Include="Header Files\Animation\KeyFrame">
      <UniqueIdentifier>{3b997106-1f84-4f70-a5d0-6517a50bebde}</UniqueIdentifier>
    </Filter>
    <Filter Include="Header Files\Animation\Skeleton">
      <UniqueIdentifier>{f86179ba-f3db-4633-a871-5e958b1e07fe}</UniqueIdentifier>
    </Filter>
    <Filter Include="Header Files\Player">
      <UniqueIdentifier>{81a9a69f-2218-4da7-aeb3-db232ecb8f36}</UniqueIdentifier>
    </Filter>
    <Filter Include="Header Files\User Control">
      <UniqueIdentifier>{329f97fc-4698-4b70-96e5-a5aae98101e1}</UniqueIdentifier>
    </Filter>
    <Filter Include="Header Files\Player\States">
      <UniqueIdentifier>{4ed1f97c-a970-4528-a7c5-96383661dc4e}</UniqueIdentifier>
    </Filter>
    <Filter Include="Header Files\Helper">
      <UniqueIdentifier>{12538098-441a-4e3f-bea3-b6f17840c358}</UniqueIdentifier>
    </Filter>
    <Filter Include="Header Files\Physics">
      <UniqueIdentifier>{1ffaf99d-b427-4baa-9edc-87871f97acae}</UniqueIdentifier>
    </Filter>
    <Filter Include="Header Files\Physics\Particles">
      <UniqueIdentifier>{91282fcf-9e6c-44a9-96cc-6bff57a67c52}</UniqueIdentifier>
    </Filter>
    <Filter Include="Header Files\Physics\Particles\Updater">
      <UniqueIdentifier>{54c4f782-d468-4f52-8f9a-8c57b81059fa}</UniqueIdentifier>
    </Filter>
    <Filter Include="Header Files\Physics\Particles\Generator">
      <UniqueIdentifier>{76f3fa68-1f96-4132-9c80-eac34eb71d7c}</UniqueIdentifier>
    </Filter>
    <Filter Include="Header Files\Physics\Particles\Renderer">
      <UniqueIdentifier>{d14772a1-2e04-41e6-9139-b81a82d80636}</UniqueIdentifier>
    </Filter>
    <Filter Include="Header Files\Shaders\Vertex">
      <UniqueIdentifier>{7e5da4ee-7de6-4fd2-8d90-46cd003113eb}</UniqueIdentifier>
    </Filter>
    <Filter Include="Header Files\Shaders\Fragment">
      <UniqueIdentifier>{ee1ad862-a86f-43ad-acc6-562af027f5c4}</UniqueIdentifier>
    </Filter>
    <Filter Include="Header Files\Physics\Tensor">
      <UniqueIdentifier>{494aee99-dc6a-4f91-ba18-c8722d1e4e78}</UniqueIdentifier>
    </Filter>
    <Filter Include="Header Files\Physics\Drag">
      <UniqueIdentifier>{a2d04bf1-0ee9-43a9-a38a-acf7592b0771}</UniqueIdentifier>
    </Filter>
  </ItemGroup>
  <ItemGroup>
    <ClCompile Include="RealTimeAnimation.cpp">
      <Filter>Source Files</Filter>
    </ClCompile>
  </ItemGroup>
  <ItemGroup>
    <ClInclude Include="common.h">
      <Filter>Header Files</Filter>
    </ClInclude>
    <ClInclude Include="Callbacks.h">
      <Filter>Header Files\User Control</Filter>
    </ClInclude>
    <ClInclude Include="Keys.h">
      <Filter>Header Files\User Control</Filter>
    </ClInclude>
    <ClInclude Include="Spline.h">
      <Filter>Header Files\Animation</Filter>
    </ClInclude>
    <ClInclude Include="Camera.h">
      <Filter>Header Files\Camera</Filter>
    </ClInclude>
    <ClInclude Include="Shader.h">
      <Filter>Header Files\Shaders</Filter>
    </ClInclude>
    <ClInclude Include="Line.h">
      <Filter>Header Files\Rendering</Filter>
    </ClInclude>
    <ClInclude Include="Mesh.h">
      <Filter>Header Files\Rendering</Filter>
    </ClInclude>
    <ClInclude Include="Point.h">
      <Filter>Header Files\Rendering</Filter>
    </ClInclude>
    <ClInclude Include="Texture.h">
      <Filter>Header Files\Rendering</Filter>
    </ClInclude>
    <ClInclude Include="Vertex.h">
      <Filter>Header Files\Rendering</Filter>
    </ClInclude>
    <ClInclude Include="VertexWeight.h">
      <Filter>Header Files\Rendering</Filter>
    </ClInclude>
    <ClInclude Include="ScreenOutput.h">
      <Filter>Header Files\Debugging</Filter>
    </ClInclude>
    <ClInclude Include="IKInfo.h">
      <Filter>Header Files\Animation\InverseKinematic</Filter>
    </ClInclude>
    <ClInclude Include="Bone.h">
      <Filter>Header Files\Animation\Skeleton</Filter>
    </ClInclude>
    <ClInclude Include="Skeleton.h">
      <Filter>Header Files\Animation\Skeleton</Filter>
    </ClInclude>
    <ClInclude Include="IKAnimator.h">
      <Filter>Header Files\Animation\InverseKinematic</Filter>
    </ClInclude>
    <ClInclude Include="AngleRestriction.h">
      <Filter>Header Files\Animation\InverseKinematic</Filter>
    </ClInclude>
    <ClInclude Include="KeyFrameAnimator.h">
      <Filter>Header Files\Animation\KeyFrame</Filter>
    </ClInclude>
    <ClInclude Include="AnimationClip.h">
      <Filter>Header Files\Animation</Filter>
    </ClInclude>
    <ClInclude Include="AnimationPose.h">
      <Filter>Header Files\Animation</Filter>
    </ClInclude>
    <ClInclude Include="KeyFrame.h">
      <Filter>Header Files\Animation</Filter>
    </ClInclude>
    <ClInclude Include="Blender.h">
      <Filter>Header Files\Animation</Filter>
    </ClInclude>
    <ClInclude Include="AnimationEventController.h">
      <Filter>Header Files\Animation</Filter>
    </ClInclude>
    <ClInclude Include="Player.h">
      <Filter>Header Files\Player</Filter>
    </ClInclude>
    <ClInclude Include="PlayerState.h">
      <Filter>Header Files\Player</Filter>
    </ClInclude>
    <ClInclude Include="Enemy.h">
      <Filter>Header Files\Player</Filter>
    </ClInclude>
    <ClInclude Include="AnimationManager.h">
      <Filter>Header Files\Animation</Filter>
    </ClInclude>
    <ClInclude Include="Model.h">
      <Filter>Header Files\Rendering</Filter>
    </ClInclude>
    <ClInclude Include="Helper.h">
      <Filter>Header Files\Helper</Filter>
    </ClInclude>
    <ClInclude Include="Idle.h">
      <Filter>Header Files\Player\States</Filter>
    </ClInclude>
    <ClInclude Include="Run.h">
      <Filter>Header Files\Player\States</Filter>
    </ClInclude>
    <ClInclude Include="WalkLeft.h">
      <Filter>Header Files\Player\States</Filter>
    </ClInclude>
    <ClInclude Include="WalkRight.h">
      <Filter>Header Files\Player\States</Filter>
    </ClInclude>
    <ClInclude Include="SwingSword.h">
      <Filter>Header Files\Player\States</Filter>
    </ClInclude>
    <ClInclude Include="WalkForward.h">
      <Filter>Header Files\Player\States</Filter>
    </ClInclude>
    <ClInclude Include="WalkForwardLeft.h">
      <Filter>Header Files\Player\States</Filter>
    </ClInclude>
    <ClInclude Include="SwordIdle.h">
      <Filter>Header Files\Player\States</Filter>
    </ClInclude>
    <ClInclude Include="SwordBlock.h">
      <Filter>Header Files\Player\States</Filter>
    </ClInclude>
    <ClInclude Include="AnimationController.h">
      <Filter>Header Files\Controller</Filter>
    </ClInclude>
    <ClInclude Include="PhysicsController.h">
      <Filter>Header Files\Controller</Filter>
    </ClInclude>
    <ClInclude Include="AbstractController.h">
      <Filter>Header Files\Controller</Filter>
    </ClInclude>
    <ClInclude Include="ParticleData.h">
      <Filter>Header Files\Physics\Particles</Filter>
    </ClInclude>
    <ClInclude Include="ParticleEmitter.h">
      <Filter>Header Files\Physics\Particles</Filter>
    </ClInclude>
    <ClInclude Include="ParticleSystem.h">
      <Filter>Header Files\Physics\Particles</Filter>
    </ClInclude>
    <ClInclude Include="BoxGenerator.h">
      <Filter>Header Files\Physics\Particles\Generator</Filter>
    </ClInclude>
    <ClInclude Include="ParticleGenerator.h">
      <Filter>Header Files\Physics\Particles\Generator</Filter>
    </ClInclude>
    <ClInclude Include="ParticleUpdater.h">
      <Filter>Header Files\Physics\Particles\Updater</Filter>
    </ClInclude>
    <ClInclude Include="EulerUpdater.h">
      <Filter>Header Files\Physics\Particles\Updater</Filter>
    </ClInclude>
    <ClInclude Include="IParticleRenderer.h">
      <Filter>Header Files\Physics\Particles\Renderer</Filter>
    </ClInclude>
    <ClInclude Include="GLParticleRenderer.h">
      <Filter>Header Files\Physics\Particles\Renderer</Filter>
    </ClInclude>
    <ClInclude Include="Particle.h">
      <Filter>Header Files\Physics\Particles</Filter>
    </ClInclude>
    <ClInclude Include="ParticleSystem2.h">
      <Filter>Header Files\Physics\Particles</Filter>
    </ClInclude>
    <ClInclude Include="RigidBody.h">
      <Filter>Header Files\Physics</Filter>
    </ClInclude>
    <ClInclude Include="Inertia.h">
      <Filter>Header Files\Physics\Tensor</Filter>
    </ClInclude>
    <ClInclude Include="Friction.h">
      <Filter>Header Files\Physics\Drag</Filter>
    </ClInclude>
    <ClInclude Include="BoundingBox.h">
      <Filter>Header Files\Physics</Filter>
    </ClInclude>
    <ClInclude Include="UI.h">
      <Filter>Header Files\Helper</Filter>
    </ClInclude>
    <ClInclude Include="SpringGenerator.h">
      <Filter>Header Files\Physics</Filter>
    </ClInclude>
    <ClInclude Include="RenderingController.h">
      <Filter>Header Files\Controller</Filter>
    </ClInclude>
    <ClInclude Include="RenderingType.h">
      <Filter>Header Files\Rendering</Filter>
    </ClInclude>
    <ClInclude Include="Light.h">
      <Filter>Header Files\Rendering</Filter>
    </ClInclude>
    <ClInclude Include="Material.h">
      <Filter>Header Files\Rendering</Filter>
    </ClInclude>
    <ClInclude Include="BoundingSphere.h">
      <Filter>Header Files\Physics</Filter>
    </ClInclude>
    <ClInclude Include="Sphere.h">
      <Filter>Header Files\Rendering</Filter>
    </ClInclude>
    <ClInclude Include="RigidBodyManager.h">
      <Filter>Header Files\Physics</Filter>
    </ClInclude>
    <ClInclude Include="EndPoint.h">
      <Filter>Header Files\Physics</Filter>
    </ClInclude>
    <ClInclude Include="Cube.h">
      <Filter>Header Files\Rendering</Filter>
    </ClInclude>
  </ItemGroup>
  <ItemGroup>
    <None Include="vertex.vert">
      <Filter>Header Files\Shaders\Vertex</Filter>
    </None>
    <None Include="vertex_bone.vert">
      <Filter>Header Files\Shaders\Vertex</Filter>
    </None>
    <None Include="fragment.frag">
      <Filter>Header Files\Shaders\Fragment</Filter>
    </None>
    <None Include="fragment_bone.frag">
      <Filter>Header Files\Shaders\Fragment</Filter>
    </None>
    <None Include="fragment_notexture.frag">
      <Filter>Header Files\Shaders\Fragment</Filter>
    </None>
    <None Include="particle.vert">
      <Filter>Header Files\Shaders\Vertex</Filter>
    </None>
    <None Include="particle.frag">
      <Filter>Header Files\Shaders\Fragment</Filter>
    </None>
    <None Include="toon.vert">
      <Filter>Header Files\Shaders\Vertex</Filter>
    </None>
    <None Include="toon.frag">
      <Filter>Header Files\Shaders\Fragment</Filter>
    </None>
    <None Include="ambient.vert">
      <Filter>Header Files\Shaders\Vertex</Filter>
    </None>
    <None Include="ambient.frag">
      <Filter>Header Files\Shaders\Fragment</Filter>
    </None>
    <None Include="diffuse.vert">
      <Filter>Header Files\Shaders\Vertex</Filter>
    </None>
    <None Include="diffuse.frag">
      <Filter>Header Files\Shaders\Fragment</Filter>
    </None>
    <None Include="specular.vert">
      <Filter>Header Files\Shaders\Vertex</Filter>
    </None>
    <None Include="specular.frag">
      <Filter>Header Files\Shaders\Fragment</Filter>
    </None>
    <None Include="common.vert">
      <Filter>Header Files\Shaders\Vertex</Filter>
    </None>
  </ItemGroup>
</Project>